
Microsoft Visual Studio Solution File, Format Version 12.00
# Visual Studio Version 16
VisualStudioVersion = 16.0.29409.12
MinimumVisualStudioVersion = 10.0.40219.1
Project("{9092AA53-FB77-4645-B42D-1CCCA6BD08BD}") = "TestEnv", "TestEnv.njsproj", "{1E12C73E-82E9-42CB-A1FF-E41D6B84E7C8}"
EndProject
Global
	GlobalSection(SolutionConfigurationPlatforms) = preSolution
		Debug|Any CPU = Debug|Any CPU
		Release|Any CPU = Release|Any CPU
	EndGlobalSection
	GlobalSection(ProjectConfigurationPlatforms) = postSolution
		{1E12C73E-82E9-42CB-A1FF-E41D6B84E7C8}.Debug|Any CPU.ActiveCfg = Debug|Any CPU
		{1E12C73E-82E9-42CB-A1FF-E41D6B84E7C8}.Debug|Any CPU.Build.0 = Debug|Any CPU
		{1E12C73E-82E9-42CB-A1FF-E41D6B84E7C8}.Release|Any CPU.ActiveCfg = Release|Any CPU
		{1E12C73E-82E9-42CB-A1FF-E41D6B84E7C8}.Release|Any CPU.Build.0 = Release|Any CPU
	EndGlobalSection
	GlobalSection(SolutionProperties) = preSolution
		HideSolutionNode = FALSE
	EndGlobalSection
	GlobalSection(ExtensibilityGlobals) = postSolution
		SolutionGuid = {00A53B27-F43D-4689-ADAF-83C8A396882D}
	EndGlobalSection
EndGlobal
