
Microsoft Visual Studio Solution File, Format Version 12.00
# Visual Studio Version 16
VisualStudioVersion = 16.0.29409.12
MinimumVisualStudioVersion = 10.0.40219.1
Project("{9092AA53-FB77-4645-B42D-1CCCA6BD08BD}") = "Resume", "Resume.njsproj", "{5683AA66-836D-48BC-B0B3-71940D11410E}"
EndProject
Global
	GlobalSection(SolutionConfigurationPlatforms) = preSolution
		Debug|Any CPU = Debug|Any CPU
		Release|Any CPU = Release|Any CPU
	EndGlobalSection
	GlobalSection(ProjectConfigurationPlatforms) = postSolution
		{5683AA66-836D-48BC-B0B3-71940D11410E}.Debug|Any CPU.ActiveCfg = Debug|Any CPU
		{5683AA66-836D-48BC-B0B3-71940D11410E}.Debug|Any CPU.Build.0 = Debug|Any CPU
		{5683AA66-836D-48BC-B0B3-71940D11410E}.Release|Any CPU.ActiveCfg = Release|Any CPU
		{5683AA66-836D-48BC-B0B3-71940D11410E}.Release|Any CPU.Build.0 = Release|Any CPU
	EndGlobalSection
	GlobalSection(SolutionProperties) = preSolution
		HideSolutionNode = FALSE
	EndGlobalSection
	GlobalSection(ExtensibilityGlobals) = postSolution
		SolutionGuid = {A49F85F4-B053-4F17-8F89-D377B9E6B6F0}
	EndGlobalSection
EndGlobal
